{
  "name": "cdktf-local-docker",
  "version": "1.0.0",
  "lockfileVersion": 2,
  "requires": true,
  "packages": {
    "": {
      "version": "1.0.0",
      "license": "ISC",
      "dependencies": {
        "@cdktf/provider-external": "^0.0.30",
        "@cdktf/provider-null": "^0.1.67",
        "hashdirectory": "^0.1.0",
        "typescript": "^4.2.4"
      },
      "devDependencies": {
        "@types/node": "^15.0.1",
        "cdktf": "*",
        "constructs": "*"
      },
      "peerDependencies": {
        "cdktf": "^0.3.0",
        "constructs": "^3.3.75"
      }
    },
    "node_modules/@cdktf/provider-external": {
      "version": "0.0.30",
      "resolved": "https://registry.npmjs.org/@cdktf/provider-external/-/provider-external-0.0.30.tgz",
      "integrity": "sha512-Es/oz+NWIzibri5KHxnNNiQX0WC3mixmABsQgyVDvqU/F6yDHzMmH8t18qEX5w9pa0ZNDhoia40NIjNrNvmROA==",
      "engines": {
        "node": ">= 10.17.0"
      },
      "peerDependencies": {
        "cdktf": "^0.3",
        "constructs": "^3.0.4"
      }
    },
    "node_modules/@cdktf/provider-null": {
      "version": "0.1.67",
      "resolved": "https://registry.npmjs.org/@cdktf/provider-null/-/provider-null-0.1.67.tgz",
      "integrity": "sha512-pObG/KKNJ7KLDMPuFqWm12xFjg2j/qaTMNX9AdLSWFQBgtwpNMQ5dchrj9EG23s02cirQiRD6DvPVPSg2qGTcA==",
      "engines": {
        "node": ">= 10.17.0"
      },
      "peerDependencies": {
        "cdktf": "^0.3",
        "constructs": "^3.0.4"
      }
    },
    "node_modules/@types/node": {
      "version": "15.0.1",
      "resolved": "https://registry.npmjs.org/@types/node/-/node-15.0.1.tgz",
      "integrity": "sha512-TMkXt0Ck1y0KKsGr9gJtWGjttxlZnnvDtphxUOSd0bfaR6Q1jle+sPvrzNR1urqYTWMinoKvjKfXUGsumaO1PA==",
      "dev": true
    },
    "node_modules/cdktf": {
      "version": "0.3.0",
      "resolved": "https://registry.npmjs.org/cdktf/-/cdktf-0.3.0.tgz",
      "integrity": "sha512-+Nk6eKVMjcnIlu5KPZ02vo2VuD1B+wFydGS00BvvpwDjymhNnMTc5ADjPtGhwpi067i30j/HCFRHDKG04dgVbg==",
      "bundleDependencies": [
        "json-stable-stringify",
        "jsonify"
      ],
      "dependencies": {
        "json-stable-stringify": "^1.0.1"
      },
      "peerDependencies": {
        "constructs": "^3.0.0"
      }
    },
    "node_modules/cdktf/node_modules/json-stable-stringify": {
      "version": "1.0.1",
      "inBundle": true,
      "license": "MIT",
      "dependencies": {
        "jsonify": "~0.0.0"
      }
    },
    "node_modules/cdktf/node_modules/jsonify": {
      "version": "0.0.0",
      "inBundle": true,
      "license": "Public Domain"
    },
    "node_modules/constructs": {
      "version": "3.3.75",
      "resolved": "https://registry.npmjs.org/constructs/-/constructs-3.3.75.tgz",
      "integrity": "sha512-q10foASSSfDWmS99OQLfnWDXCzqLvoORISAVWPFg0AmIGlBv2ZdDOtXxLqrJARPxVlOldmW2JzWzdRI+4+0/ZA==",
      "engines": {
        "node": ">= 10.17.0"
      }
    },
    "node_modules/hashdirectory": {
      "version": "0.1.0",
      "resolved": "https://registry.npmjs.org/hashdirectory/-/hashdirectory-0.1.0.tgz",
      "integrity": "sha1-fEr+uVvSrVtWU0xCFdvOcPLx5h0=",
      "dependencies": {
        "q": "^1.0.1"
      }
    },
    "node_modules/q": {
      "version": "1.5.1",
      "resolved": "https://registry.npmjs.org/q/-/q-1.5.1.tgz",
      "integrity": "sha1-fjL3W0E4EpHQRhHxvxQQmsAGUdc=",
      "engines": {
        "node": ">=0.6.0",
        "teleport": ">=0.2.0"
      }
    },
    "node_modules/typescript": {
      "version": "4.2.4",
      "resolved": "https://registry.npmjs.org/typescript/-/typescript-4.2.4.tgz",
      "integrity": "sha512-V+evlYHZnQkaz8TRBuxTA92yZBPotr5H+WhQ7bD3hZUndx5tGOa1fuCgeSjxAzM1RiN5IzvadIXTVefuuwZCRg==",
      "bin": {
        "tsc": "bin/tsc",
        "tsserver": "bin/tsserver"
      },
      "engines": {
        "node": ">=4.2.0"
      }
    }
  },
  "dependencies": {
    "@cdktf/provider-external": {
      "version": "0.0.30",
      "resolved": "https://registry.npmjs.org/@cdktf/provider-external/-/provider-external-0.0.30.tgz",
      "integrity": "sha512-Es/oz+NWIzibri5KHxnNNiQX0WC3mixmABsQgyVDvqU/F6yDHzMmH8t18qEX5w9pa0ZNDhoia40NIjNrNvmROA==",
      "requires": {}
    },
    "@cdktf/provider-null": {
      "version": "0.1.67",
      "resolved": "https://registry.npmjs.org/@cdktf/provider-null/-/provider-null-0.1.67.tgz",
      "integrity": "sha512-pObG/KKNJ7KLDMPuFqWm12xFjg2j/qaTMNX9AdLSWFQBgtwpNMQ5dchrj9EG23s02cirQiRD6DvPVPSg2qGTcA==",
      "requires": {}
    },
    "@types/node": {
      "version": "15.0.1",
      "resolved": "https://registry.npmjs.org/@types/node/-/node-15.0.1.tgz",
      "integrity": "sha512-TMkXt0Ck1y0KKsGr9gJtWGjttxlZnnvDtphxUOSd0bfaR6Q1jle+sPvrzNR1urqYTWMinoKvjKfXUGsumaO1PA==",
      "dev": true
    },
    "cdktf": {
      "version": "0.3.0",
      "resolved": "https://registry.npmjs.org/cdktf/-/cdktf-0.3.0.tgz",
      "integrity": "sha512-+Nk6eKVMjcnIlu5KPZ02vo2VuD1B+wFydGS00BvvpwDjymhNnMTc5ADjPtGhwpi067i30j/HCFRHDKG04dgVbg==",
      "requires": {
        "json-stable-stringify": "^1.0.1"
      },
      "dependencies": {
        "json-stable-stringify": {
          "version": "1.0.1",
          "bundled": true,
          "requires": {
            "jsonify": "~0.0.0"
          }
        },
        "jsonify": {
          "version": "0.0.0",
          "bundled": true
        }
      }
    },
    "constructs": {
      "version": "3.3.75",
      "resolved": "https://registry.npmjs.org/constructs/-/constructs-3.3.75.tgz",
      "integrity": "sha512-q10foASSSfDWmS99OQLfnWDXCzqLvoORISAVWPFg0AmIGlBv2ZdDOtXxLqrJARPxVlOldmW2JzWzdRI+4+0/ZA=="
    },
    "hashdirectory": {
      "version": "0.1.0",
      "resolved": "https://registry.npmjs.org/hashdirectory/-/hashdirectory-0.1.0.tgz",
      "integrity": "sha1-fEr+uVvSrVtWU0xCFdvOcPLx5h0=",
      "requires": {
        "q": "^1.0.1"
      }
    },
    "q": {
      "version": "1.5.1",
      "resolved": "https://registry.npmjs.org/q/-/q-1.5.1.tgz",
      "integrity": "sha1-fjL3W0E4EpHQRhHxvxQQmsAGUdc="
    },
    "typescript": {
      "version": "4.2.4",
      "resolved": "https://registry.npmjs.org/typescript/-/typescript-4.2.4.tgz",
      "integrity": "sha512-V+evlYHZnQkaz8TRBuxTA92yZBPotr5H+WhQ7bD3hZUndx5tGOa1fuCgeSjxAzM1RiN5IzvadIXTVefuuwZCRg=="
    }
  }
}
